// !$*UTF8*$!
{
	archiveVersion = 1;
	classes = {
	};
	objectVersion = 50;
	objects = {

/* Begin PBXBuildFile section */
		46254CDB244E07690010C6C3 /* AppDelegate.swift in Sources */ = {isa = PBXBuildFile; fileRef = 46254CDA244E07690010C6C3 /* AppDelegate.swift */; };
		46254CDD244E07690010C6C3 /* SceneDelegate.swift in Sources */ = {isa = PBXBuildFile; fileRef = 46254CDC244E07690010C6C3 /* SceneDelegate.swift */; };
		46254CDF244E07690010C6C3 /* ViewController.swift in Sources */ = {isa = PBXBuildFile; fileRef = 46254CDE244E07690010C6C3 /* ViewController.swift */; };
		46254CE2244E07690010C6C3 /* Main.storyboard in Resources */ = {isa = PBXBuildFile; fileRef = 46254CE0244E07690010C6C3 /* Main.storyboard */; };
		46254CE4244E076B0010C6C3 /* Assets.xcassets in Resources */ = {isa = PBXBuildFile; fileRef = 46254CE3244E076B0010C6C3 /* Assets.xcassets */; };
		46254CE7244E076B0010C6C3 /* LaunchScreen.storyboard in Resources */ = {isa = PBXBuildFile; fileRef = 46254CE5244E076B0010C6C3 /* LaunchScreen.storyboard */; };
		46254CF2244E07F50010C6C3 /* 2.JPG in Resources */ = {isa = PBXBuildFile; fileRef = 46254CEE244E07F40010C6C3 /* 2.JPG */; };
		46254CF3244E07F50010C6C3 /* 4.JPG in Resources */ = {isa = PBXBuildFile; fileRef = 46254CEF244E07F40010C6C3 /* 4.JPG */; };
		46254CF4244E07F50010C6C3 /* 1.JPG in Resources */ = {isa = PBXBuildFile; fileRef = 46254CF0244E07F50010C6C3 /* 1.JPG */; };
		46254CF5244E07F50010C6C3 /* 3.JPG in Resources */ = {isa = PBXBuildFile; fileRef = 46254CF1244E07F50010C6C3 /* 3.JPG */; };
		46254CF7244E14BE0010C6C3 /* 5.JPG in Resources */ = {isa = PBXBuildFile; fileRef = 46254CF6244E14BE0010C6C3 /* 5.JPG */; };
		46254CF9244E14D60010C6C3 /* 6.JPG in Resources */ = {isa = PBXBuildFile; fileRef = 46254CF8244E14D60010C6C3 /* 6.JPG */; };
/* End PBXBuildFile section */

/* Begin PBXFileReference section */
		46254CD7244E07690010C6C3 /* ImageViewer.app */ = {isa = PBXFileReference; explicitFileType = wrapper.application; includeInIndex = 0; path = ImageViewer.app; sourceTree = BUILT_PRODUCTS_DIR; };
		46254CDA244E07690010C6C3 /* AppDelegate.swift */ = {isa = PBXFileReference; lastKnownFileType = sourcecode.swift; path = AppDelegate.swift; sourceTree = "<group>"; };
		46254CDC244E07690010C6C3 /* SceneDelegate.swift */ = {isa = PBXFileReference; lastKnownFileType = sourcecode.swift; path = SceneDelegate.swift; sourceTree = "<group>"; };
		46254CDE244E07690010C6C3 /* ViewController.swift */ = {isa = PBXFileReference; lastKnownFileType = sourcecode.swift; path = ViewController.swift; sourceTree = "<group>"; };
		46254CE1244E07690010C6C3 /* Base */ = {isa = PBXFileReference; lastKnownFileType = file.storyboard; name = Base; path = Base.lproj/Main.storyboard; sourceTree = "<group>"; };
		46254CE3244E076B0010C6C3 /* Assets.xcassets */ = {isa = PBXFileReference; lastKnownFileType = folder.assetcatalog; path = Assets.xcassets; sourceTree = "<group>"; };
		46254CE6244E076B0010C6C3 /* Base */ = {isa = PBXFileReference; lastKnownFileType = file.storyboard; name = Base; path = Base.lproj/LaunchScreen.storyboard; sourceTree = "<group>"; };
		46254CE8244E076B0010C6C3 /* Info.plist */ = {isa = PBXFileReference; lastKnownFileType = text.plist.xml; path = Info.plist; sourceTree = "<group>"; };
		46254CEE244E07F40010C6C3 /* 2.JPG */ = {isa = PBXFileReference; lastKnownFileType = image.jpeg; path = 2.JPG; sourceTree = "<group>"; };
		46254CEF244E07F40010C6C3 /* 4.JPG */ = {isa = PBXFileReference; lastKnownFileType = image.jpeg; path = 4.JPG; sourceTree = "<group>"; };
		46254CF0244E07F50010C6C3 /* 1.JPG */ = {isa = PBXFileReference; lastKnownFileType = image.jpeg; path = 1.JPG; sourceTree = "<group>"; };
		46254CF1244E07F50010C6C3 /* 3.JPG */ = {isa = PBXFileReference; lastKnownFileType = image.jpeg; path = 3.JPG; sourceTree = "<group>"; };
		46254CF6244E14BE0010C6C3 /* 5.JPG */ = {isa = PBXFileReference; lastKnownFileType = image.jpeg; path = 5.JPG; sourceTree = "<group>"; };
		46254CF8244E14D60010C6C3 /* 6.JPG */ = {isa = PBXFileReference; lastKnownFileType = image.jpeg; path = 6.JPG; sourceTree = "<group>"; };
/* End PBXFileReference section */

/* Begin PBXFrameworksBuildPhase section */
		46254CD4244E07690010C6C3 /* Frameworks */ = {
			isa = PBXFrameworksBuildPhase;
			buildActionMask = 2147483647;
			files = (
			);
			runOnlyForDeploymentPostprocessing = 0;
		};
/* End PBXFrameworksBuildPhase section */

/* Begin PBXGroup section */
		46254CCE244E07690010C6C3 = {
			isa = PBXGroup;
			children = (
				46254CD9244E07690010C6C3 /* ImageViewer */,
				46254CD8244E07690010C6C3 /* Products */,
			);
			sourceTree = "<group>";
		};
		46254CD8244E07690010C6C3 /* Products */ = {
			isa = PBXGroup;
			children = (
				46254CD7244E07690010C6C3 /* ImageViewer.app */,
			);
			name = Products;
			sourceTree = "<group>";
		};
		46254CD9244E07690010C6C3 /* ImageViewer */ = {
			isa = PBXGroup;
			children = (
				46254CF0244E07F50010C6C3 /* 1.JPG */,
				46254CEE244E07F40010C6C3 /* 2.JPG */,
				46254CF1244E07F50010C6C3 /* 3.JPG */,
				46254CEF244E07F40010C6C3 /* 4.JPG */,
				46254CF6244E14BE0010C6C3 /* 5.JPG */,
				46254CF8244E14D60010C6C3 /* 6.JPG */,
				46254CDA244E07690010C6C3 /* AppDelegate.swift */,
				46254CDC244E07690010C6C3 /* SceneDelegate.swift */,
				46254CDE244E07690010C6C3 /* ViewController.swift */,
				46254CE0244E07690010C6C3 /* Main.storyboard */,
				46254CE3244E076B0010C6C3 /* Assets.xcassets */,
				46254CE5244E076B0010C6C3 /* LaunchScreen.storyboard */,
				46254CE8244E076B0010C6C3 /* Info.plist */,
			);
			path = ImageViewer;
			sourceTree = "<group>";
		};
/* End PBXGroup section */

/* Begin PBXNativeTarget section */
		46254CD6244E07690010C6C3 /* ImageViewer */ = {
			isa = PBXNativeTarget;
			buildConfigurationList = 46254CEB244E076B0010C6C3 /* Build configuration list for PBXNativeTarget "ImageViewer" */;
			buildPhases = (
				46254CD3244E07690010C6C3 /* Sources */,
				46254CD4244E07690010C6C3 /* Frameworks */,
				46254CD5244E07690010C6C3 /* Resources */,
			);
			buildRules = (
			);
			dependencies = (
			);
			name = ImageViewer;
			productName = ImageViewer;
			productReference = 46254CD7244E07690010C6C3 /* ImageViewer.app */;
			productType = "com.apple.product-type.application";
		};
/* End PBXNativeTarget section */

/* Begin PBXProject section */
		46254CCF244E07690010C6C3 /* Project object */ = {
			isa = PBXProject;
			attributes = {
				LastSwiftUpdateCheck = 1140;
				LastUpgradeCheck = 1140;
				ORGANIZATIONNAME = "Sohyun Park";
				TargetAttributes = {
					46254CD6244E07690010C6C3 = {
						CreatedOnToolsVersion = 11.4;
					};
				};
			};
			buildConfigurationList = 46254CD2244E07690010C6C3 /* Build configuration list for PBXProject "ImageViewer" */;
			compatibilityVersion = "Xcode 9.3";
			developmentRegion = en;
			hasScannedForEncodings = 0;
			knownRegions = (
				en,
				Base,
			);
			mainGroup = 46254CCE244E07690010C6C3;
			productRefGroup = 46254CD8244E07690010C6C3 /* Products */;
			projectDirPath = "";
			projectRoot = "";
			targets = (
				46254CD6244E07690010C6C3 /* ImageViewer */,
			);
		};
/* End PBXProject section */

/* Begin PBXResourcesBuildPhase section */
		46254CD5244E07690010C6C3 /* Resources */ = {
			isa = PBXResourcesBuildPhase;
			buildActionMask = 2147483647;
			files = (
				46254CF9244E14D60010C6C3 /* 6.JPG in Resources */,
				46254CF4244E07F50010C6C3 /* 1.JPG in Resources */,
				46254CE7244E076B0010C6C3 /* LaunchScreen.storyboard in Resources */,
				46254CF7244E14BE0010C6C3 /* 5.JPG in Resources */,
				46254CF2244E07F50010C6C3 /* 2.JPG in Resources */,
				46254CF5244E07F50010C6C3 /* 3.JPG in Resources */,
				46254CE4244E076B0010C6C3 /* Assets.xcassets in Resources */,
				46254CF3244E07F50010C6C3 /* 4.JPG in Resources */,
				46254CE2244E07690010C6C3 /* Main.storyboard in Resources */,
			);
			runOnlyForDeploymentPostprocessing = 0;
		};
/* End PBXResourcesBuildPhase section */

/* Begin PBXSourcesBuildPhase section */
		46254CD3244E07690010C6C3 /* Sources */ = {
			isa = PBXSourcesBuildPhase;
			buildActionMask = 2147483647;
			files = (
				46254CDF244E07690010C6C3 /* ViewController.swift in Sources */,
				46254CDB244E07690010C6C3 /* AppDelegate.swift in Sources */,
				46254CDD244E07690010C6C3 /* SceneDelegate.swift in Sources */,
			);
			runOnlyForDeploymentPostprocessing = 0;
		};
/* End PBXSourcesBuildPhase section */

/* Begin PBXVariantGroup section */
		46254CE0244E07690010C6C3 /* Main.storyboard */ = {
			isa = PBXVariantGroup;
			children = (
				46254CE1244E07690010C6C3 /* Base */,
			);
			name = Main.storyboard;
			sourceTree = "<group>";
		};
		46254CE5244E076B0010C6C3 /* LaunchScreen.storyboard */ = {
			isa = PBXVariantGroup;
			children = (
				46254CE6244E076B0010C6C3 /* Base */,
			);
			name = LaunchScreen.storyboard;
			sourceTree = "<group>";
		};
/* End PBXVariantGroup section */

/* Begin XCBuildConfiguration section */
		46254CE9244E076B0010C6C3 /* Debug */ = {
			isa = XCBuildConfiguration;
			buildSettings = {
				ALWAYS_SEARCH_USER_PATHS = NO;
				CLANG_ANALYZER_NONNULL = YES;
				CLANG_ANALYZER_NUMBER_OBJECT_CONVERSION = YES_AGGRESSIVE;
				CLANG_CXX_LANGUAGE_STANDARD = "gnu++14";
				CLANG_CXX_LIBRARY = "libc++";
				CLANG_ENABLE_MODULES = YES;
				CLANG_ENABLE_OBJC_ARC = YES;
				CLANG_ENABLE_OBJC_WEAK = YES;
				CLANG_WARN_BLOCK_CAPTURE_AUTORELEASING = YES;
				CLANG_WARN_BOOL_CONVERSION = YES;
				CLANG_WARN_COMMA = YES;
				CLANG_WARN_CONSTANT_CONVERSION = YES;
				CLANG_WARN_DEPRECATED_OBJC_IMPLEMENTATIONS = YES;
				CLANG_WARN_DIRECT_OBJC_ISA_USAGE = YES_ERROR;
				CLANG_WARN_DOCUMENTATION_COMMENTS = YES;
				CLANG_WARN_EMPTY_BODY = YES;
				CLANG_WARN_ENUM_CONVERSION = YES;
				CLANG_WARN_INFINITE_RECURSION = YES;
				CLANG_WARN_INT_CONVERSION = YES;
				CLANG_WARN_NON_LITERAL_NULL_CONVERSION = YES;
				CLANG_WARN_OBJC_IMPLICIT_RETAIN_SELF = YES;
				CLANG_WARN_OBJC_LITERAL_CONVERSION = YES;
				CLANG_WARN_OBJC_ROOT_CLASS = YES_ERROR;
				CLANG_WARN_RANGE_LOOP_ANALYSIS = YES;
				CLANG_WARN_STRICT_PROTOTYPES = YES;
				CLANG_WARN_SUSPICIOUS_MOVE = YES;
				CLANG_WARN_UNGUARDED_AVAILABILITY = YES_AGGRESSIVE;
				CLANG_WARN_UNREACHABLE_CODE = YES;
				CLANG_WARN__DUPLICATE_METHOD_MATCH = YES;
				COPY_PHASE_STRIP = NO;
				DEBUG_INFORMATION_FORMAT = dwarf;
				ENABLE_STRICT_OBJC_MSGSEND = YES;
				ENABLE_TESTABILITY = YES;
				GCC_C_LANGUAGE_STANDARD = gnu11;
				GCC_DYNAMIC_NO_PIC = NO;
				GCC_NO_COMMON_BLOCKS = YES;
				GCC_OPTIMIZATION_LEVEL = 0;
				GCC_PREPROCESSOR_DEFINITIONS = (
					"DEBUG=1",
					"$(inherited)",
				);
				GCC_WARN_64_TO_32_BIT_CONVERSION = YES;
				GCC_WARN_ABOUT_RETURN_TYPE = YES_ERROR;
				GCC_WARN_UNDECLARED_SELECTOR = YES;
				GCC_WARN_UNINITIALIZED_AUTOS = YES_AGGRESSIVE;
				GCC_WARN_UNUSED_FUNCTION = YES;
				GCC_WARN_UNUSED_VARIABLE = YES;
				IPHONEOS_DEPLOYMENT_TARGET = 13.4;
				MTL_ENABLE_DEBUG_INFO = INCLUDE_SOURCE;
				MTL_FAST_MATH = YES;
				ONLY_ACTIVE_ARCH = YES;
				SDKROOT = iphoneos;
				SWIFT_ACTIVE_COMPILATION_CONDITIONS = DEBUG;
				SWIFT_OPTIMIZATION_LEVEL = "-Onone";
			};
			name = Debug;
		};
		46254CEA244E076B0010C6C3 /* Release */ = {
			isa = XCBuildConfiguration;
			buildSettings = {
				ALWAYS_SEARCH_USER_PATHS = NO;
				CLANG_ANALYZER_NONNULL = YES;
				CLANG_ANALYZER_NUMBER_OBJECT_CONVERSION = YES_AGGRESSIVE;
				CLANG_CXX_LANGUAGE_STANDARD = "gnu++14";
				CLANG_CXX_LIBRARY = "libc++";
				CLANG_ENABLE_MODULES = YES;
				CLANG_ENABLE_OBJC_ARC = YES;
				CLANG_ENABLE_OBJC_WEAK = YES;
				CLANG_WARN_BLOCK_CAPTURE_AUTORELEASING = YES;
				CLANG_WARN_BOOL_CONVERSION = YES;
				CLANG_WARN_COMMA = YES;
				CLANG_WARN_CONSTANT_CONVERSION = YES;
				CLANG_WARN_DEPRECATED_OBJC_IMPLEMENTATIONS = YES;
				CLANG_WARN_DIRECT_OBJC_ISA_USAGE = YES_ERROR;
				CLANG_WARN_DOCUMENTATION_COMMENTS = YES;
				CLANG_WARN_EMPTY_BODY = YES;
				CLANG_WARN_ENUM_CONVERSION = YES;
				CLANG_WARN_INFINITE_RECURSION = YES;
				CLANG_WARN_INT_CONVERSION = YES;
				CLANG_WARN_NON_LITERAL_NULL_CONVERSION = YES;
				CLANG_WARN_OBJC_IMPLICIT_RETAIN_SELF = YES;
				CLANG_WARN_OBJC_LITERAL_CONVERSION = YES;
				CLANG_WARN_OBJC_ROOT_CLASS = YES_ERROR;
				CLANG_WARN_RANGE_LOOP_ANALYSIS = YES;
				CLANG_WARN_STRICT_PROTOTYPES = YES;
				CLANG_WARN_SUSPICIOUS_MOVE = YES;
				CLANG_WARN_UNGUARDED_AVAILABILITY = YES_AGGRESSIVE;
				CLANG_WARN_UNREACHABLE_CODE = YES;
				CLANG_WARN__DUPLICATE_METHOD_MATCH = YES;
				COPY_PHASE_STRIP = NO;
				DEBUG_INFORMATION_FORMAT = "dwarf-with-dsym";
				ENABLE_NS_ASSERTIONS = NO;
				ENABLE_STRICT_OBJC_MSGSEND = YES;
				GCC_C_LANGUAGE_STANDARD = gnu11;
				GCC_NO_COMMON_BLOCKS = YES;
				GCC_WARN_64_TO_32_BIT_CONVERSION = YES;
				GCC_WARN_ABOUT_RETURN_TYPE = YES_ERROR;
				GCC_WARN_UNDECLARED_SELECTOR = YES;
				GCC_WARN_UNINITIALIZED_AUTOS = YES_AGGRESSIVE;
				GCC_WARN_UNUSED_FUNCTION = YES;
				GCC_WARN_UNUSED_VARIABLE = YES;
				IPHONEOS_DEPLOYMENT_TARGET = 13.4;
				MTL_ENABLE_DEBUG_INFO = NO;
				MTL_FAST_MATH = YES;
				SDKROOT = iphoneos;
				SWIFT_COMPILATION_MODE = wholemodule;
				SWIFT_OPTIMIZATION_LEVEL = "-O";
				VALIDATE_PRODUCT = YES;
			};
			name = Release;
		};
		46254CEC244E076B0010C6C3 /* Debug */ = {
			isa = XCBuildConfiguration;
			buildSettings = {
				ASSETCATALOG_COMPILER_APPICON_NAME = AppIcon;
				CODE_SIGN_STYLE = Automatic;
				DEVELOPMENT_TEAM = 834P93QBB5;
				INFOPLIST_FILE = ImageViewer/Info.plist;
				LD_RUNPATH_SEARCH_PATHS = (
					"$(inherited)",
					"@executable_path/Frameworks",
				);
				PRODUCT_BUNDLE_IDENTIFIER = "com.tistory.joyful-records.ImageViewer";
				PRODUCT_NAME = "$(TARGET_NAME)";
				SWIFT_VERSION = 5.0;
				TARGETED_DEVICE_FAMILY = 1;
			};
			name = Debug;
		};
		46254CED244E076B0010C6C3 /* Release */ = {
			isa = XCBuildConfiguration;
			buildSettings = {
				ASSETCATALOG_COMPILER_APPICON_NAME = AppIcon;
				CODE_SIGN_STYLE = Automatic;
				DEVELOPMENT_TEAM = 834P93QBB5;
				INFOPLIST_FILE = ImageViewer/Info.plist;
				LD_RUNPATH_SEARCH_PATHS = (
					"$(inherited)",
					"@executable_path/Frameworks",
				);
				PRODUCT_BUNDLE_IDENTIFIER = "com.tistory.joyful-records.ImageViewer";
				PRODUCT_NAME = "$(TARGET_NAME)";
				SWIFT_VERSION = 5.0;
				TARGETED_DEVICE_FAMILY = 1;
			};
			name = Release;
		};
/* End XCBuildConfiguration section */

/* Begin XCConfigurationList section */
		46254CD2244E07690010C6C3 /* Build configuration list for PBXProject "ImageViewer" */ = {
			isa = XCConfigurationList;
			buildConfigurations = (
				46254CE9244E076B0010C6C3 /* Debug */,
				46254CEA244E076B0010C6C3 /* Release */,
			);
			defaultConfigurationIsVisible = 0;
			defaultConfigurationName = Release;
		};
		46254CEB244E076B0010C6C3 /* Build configuration list for PBXNativeTarget "ImageViewer" */ = {
			isa = XCConfigurationList;
			buildConfigurations = (
				46254CEC244E076B0010C6C3 /* Debug */,
				46254CED244E076B0010C6C3 /* Release */,
			);
			defaultConfigurationIsVisible = 0;
			defaultConfigurationName = Release;
		};
/* End XCConfigurationList section */
	};
	rootObject = 46254CCF244E07690010C6C3 /* Project object */;
}
